// !$*UTF8*$!
{
	archiveVersion = 1;
	classes = {
	};
	objectVersion = 52;
	objects = {

/* Begin PBXBuildFile section */
		97269ACE248B085200DC0003 /* GameMessageViewController.swift in Sources */ = {isa = PBXBuildFile; fileRef = 97269ACD248B085200DC0003 /* GameMessageViewController.swift */; };
		97269ACF248B0B5900DC0003 /* Assets.xcassets in Resources */ = {isa = PBXBuildFile; fileRef = 97961B88246CA29C007F7BE6 /* Assets.xcassets */; };
		97269AD1248B13C300DC0003 /* SceneMessagesComm.swift in Sources */ = {isa = PBXBuildFile; fileRef = 97269AD0248B13C300DC0003 /* SceneMessagesComm.swift */; };
		97269AD2248B13C300DC0003 /* SceneMessagesComm.swift in Sources */ = {isa = PBXBuildFile; fileRef = 97269AD0248B13C300DC0003 /* SceneMessagesComm.swift */; };
		97269AD3248B148200DC0003 /* RunMatch.swift in Sources */ = {isa = PBXBuildFile; fileRef = 97692F8E2489A74300F86E4D /* RunMatch.swift */; };
		97369FAC2498405600FBE9DD /* GoogleMobileAds.framework in Frameworks */ = {isa = PBXBuildFile; fileRef = 97369FA92498405400FBE9DD /* GoogleMobileAds.framework */; };
		97369FAD2498405600FBE9DD /* GoogleMobileAds.framework in Frameworks */ = {isa = PBXBuildFile; fileRef = 97369FA92498405400FBE9DD /* GoogleMobileAds.framework */; };
		97369FAE2498405600FBE9DD /* GoogleUtilities.xcframework in Frameworks */ = {isa = PBXBuildFile; fileRef = 97369FAA2498405400FBE9DD /* GoogleUtilities.xcframework */; };
		97369FAF2498405600FBE9DD /* GoogleUtilities.xcframework in Frameworks */ = {isa = PBXBuildFile; fileRef = 97369FAA2498405400FBE9DD /* GoogleUtilities.xcframework */; };
		97369FB02498405600FBE9DD /* GoogleAppMeasurement.framework in Frameworks */ = {isa = PBXBuildFile; fileRef = 97369FAB2498405500FBE9DD /* GoogleAppMeasurement.framework */; };
		97369FB12498405600FBE9DD /* GoogleAppMeasurement.framework in Frameworks */ = {isa = PBXBuildFile; fileRef = 97369FAB2498405500FBE9DD /* GoogleAppMeasurement.framework */; };
		97369FB32498406500FBE9DD /* nanopb.xcframework in Frameworks */ = {isa = PBXBuildFile; fileRef = 97369FB22498406500FBE9DD /* nanopb.xcframework */; };
		97369FB42498406500FBE9DD /* nanopb.xcframework in Frameworks */ = {isa = PBXBuildFile; fileRef = 97369FB22498406500FBE9DD /* nanopb.xcframework */; };
		97369FB62498412600FBE9DD /* PromisesObjC.xcframework in Frameworks */ = {isa = PBXBuildFile; fileRef = 97369FB52498412600FBE9DD /* PromisesObjC.xcframework */; };
		97369FB72498412600FBE9DD /* PromisesObjC.xcframework in Frameworks */ = {isa = PBXBuildFile; fileRef = 97369FB52498412600FBE9DD /* PromisesObjC.xcframework */; };
		9738EBF424F06AF300AD78E2 /* UserMessagingPlatform.framework in Frameworks */ = {isa = PBXBuildFile; fileRef = 9738EBF324F06AF300AD78E2 /* UserMessagingPlatform.framework */; };
		9738EBF524F06AF300AD78E2 /* UserMessagingPlatform.framework in Frameworks */ = {isa = PBXBuildFile; fileRef = 9738EBF324F06AF300AD78E2 /* UserMessagingPlatform.framework */; };
		973C06A42498225900B05407 /* jump.mp3 in Resources */ = {isa = PBXBuildFile; fileRef = 973C06A32498225900B05407 /* jump.mp3 */; };
		973C06A52498225900B05407 /* jump.mp3 in Resources */ = {isa = PBXBuildFile; fileRef = 973C06A32498225900B05407 /* jump.mp3 */; };
		973C06A724982A3500B05407 /* death.mp3 in Resources */ = {isa = PBXBuildFile; fileRef = 973C06A624982A3500B05407 /* death.mp3 */; };
		973C06A824982A3500B05407 /* death.mp3 in Resources */ = {isa = PBXBuildFile; fileRef = 973C06A624982A3500B05407 /* death.mp3 */; };
		973C06AA24982A3A00B05407 /* coin.mp3 in Resources */ = {isa = PBXBuildFile; fileRef = 973C06A924982A3A00B05407 /* coin.mp3 */; };
		973C06AB24982A3A00B05407 /* coin.mp3 in Resources */ = {isa = PBXBuildFile; fileRef = 973C06A924982A3A00B05407 /* coin.mp3 */; };
		973C06AE249836AA00B05407 /* silence.mp3 in Resources */ = {isa = PBXBuildFile; fileRef = 973C06AD249836A900B05407 /* silence.mp3 */; };
		973C06AF249836AA00B05407 /* silence.mp3 in Resources */ = {isa = PBXBuildFile; fileRef = 973C06AD249836A900B05407 /* silence.mp3 */; };
		974AF65E2475D50F00A1EC30 /* WorldGenerator.swift in Sources */ = {isa = PBXBuildFile; fileRef = 974AF65D2475D50F00A1EC30 /* WorldGenerator.swift */; };
		976256E82485C67C00E3A277 /* StyleManager.swift in Sources */ = {isa = PBXBuildFile; fileRef = 976256E72485C67C00E3A277 /* StyleManager.swift */; };
		97692F7D2489A06100F86E4D /* MessagesViewController.swift in Sources */ = {isa = PBXBuildFile; fileRef = 97692F7C2489A06100F86E4D /* MessagesViewController.swift */; };
		97692F802489A06100F86E4D /* MainInterface.storyboard in Resources */ = {isa = PBXBuildFile; fileRef = 97692F7E2489A06100F86E4D /* MainInterface.storyboard */; };
		97692F822489A06500F86E4D /* Assets.xcassets in Resources */ = {isa = PBXBuildFile; fileRef = 97692F812489A06500F86E4D /* Assets.xcassets */; };
		97692F862489A06500F86E4D /* Ragdoll Run Messages.appex in Embed App Extensions */ = {isa = PBXBuildFile; fileRef = 97692F772489A06100F86E4D /* Ragdoll Run Messages.appex */; settings = {ATTRIBUTES = (RemoveHeadersOnCopy, ); }; };
		97692F8B2489A08F00F86E4D /* Messages.framework in Frameworks */ = {isa = PBXBuildFile; fileRef = 97692F792489A06100F86E4D /* Messages.framework */; };
		97692F8F2489A74300F86E4D /* RunMatch.swift in Sources */ = {isa = PBXBuildFile; fileRef = 97692F8E2489A74300F86E4D /* RunMatch.swift */; };
		97692F902489B18100F86E4D /* GameViewController.swift in Sources */ = {isa = PBXBuildFile; fileRef = 97961B83246CA29A007F7BE6 /* GameViewController.swift */; };
		97692F912489B6D000F86E4D /* GameScene.swift in Sources */ = {isa = PBXBuildFile; fileRef = 97961B81246CA29A007F7BE6 /* GameScene.swift */; };
		97692F922489B6DA00F86E4D /* MenuScene.sks in Resources */ = {isa = PBXBuildFile; fileRef = 977CB77B24804F7100FAF268 /* MenuScene.sks */; };
		97692F932489B6DD00F86E4D /* GameScene.sks in Resources */ = {isa = PBXBuildFile; fileRef = 97961B7D246CA29A007F7BE6 /* GameScene.sks */; };
		97692F942489B6E100F86E4D /* CustomizeScene.sks in Resources */ = {isa = PBXBuildFile; fileRef = 9786DDF224844831008FCF6C /* CustomizeScene.sks */; };
		97692F952489B6E300F86E4D /* CustomizeScene.swift in Sources */ = {isa = PBXBuildFile; fileRef = 9786DDF424844840008FCF6C /* CustomizeScene.swift */; };
		97692F962489B6E600F86E4D /* MenuScene.swift in Sources */ = {isa = PBXBuildFile; fileRef = 977CB77F2480553D00FAF268 /* MenuScene.swift */; };
		97692F972489B6F500F86E4D /* WorldGenerator.swift in Sources */ = {isa = PBXBuildFile; fileRef = 974AF65D2475D50F00A1EC30 /* WorldGenerator.swift */; };
		97692F982489B6F800F86E4D /* AvatarManager.swift in Sources */ = {isa = PBXBuildFile; fileRef = 97961BB7246DEDAA007F7BE6 /* AvatarManager.swift */; };
		97692F992489B6FA00F86E4D /* StyleManager.swift in Sources */ = {isa = PBXBuildFile; fileRef = 976256E72485C67C00E3A277 /* StyleManager.swift */; };
		97692F9A2489B6FF00F86E4D /* Utils.swift in Sources */ = {isa = PBXBuildFile; fileRef = 97961BB9246DF4C2007F7BE6 /* Utils.swift */; };
		977CB77C24804F7100FAF268 /* MenuScene.sks in Resources */ = {isa = PBXBuildFile; fileRef = 977CB77B24804F7100FAF268 /* MenuScene.sks */; };
		977CB7802480553D00FAF268 /* MenuScene.swift in Sources */ = {isa = PBXBuildFile; fileRef = 977CB77F2480553D00FAF268 /* MenuScene.swift */; };
		9786DDF324844831008FCF6C /* CustomizeScene.sks in Resources */ = {isa = PBXBuildFile; fileRef = 9786DDF224844831008FCF6C /* CustomizeScene.sks */; };
		9786DDF524844840008FCF6C /* CustomizeScene.swift in Sources */ = {isa = PBXBuildFile; fileRef = 9786DDF424844840008FCF6C /* CustomizeScene.swift */; };
		97931AB62494286B00520897 /* ScoreScene.sks in Resources */ = {isa = PBXBuildFile; fileRef = 97931AB52494286A00520897 /* ScoreScene.sks */; };
		97931AB72494286B00520897 /* ScoreScene.sks in Resources */ = {isa = PBXBuildFile; fileRef = 97931AB52494286A00520897 /* ScoreScene.sks */; };
		97931AB92494287400520897 /* ScoreScene.swift in Sources */ = {isa = PBXBuildFile; fileRef = 97931AB82494287400520897 /* ScoreScene.swift */; };
		97931ABA2494287400520897 /* ScoreScene.swift in Sources */ = {isa = PBXBuildFile; fileRef = 97931AB82494287400520897 /* ScoreScene.swift */; };
		979424D9277A5A9F009C5876 /* CloudGenerator.swift in Sources */ = {isa = PBXBuildFile; fileRef = 979424D8277A5A9F009C5876 /* CloudGenerator.swift */; };
		979424DA277A5A9F009C5876 /* CloudGenerator.swift in Sources */ = {isa = PBXBuildFile; fileRef = 979424D8277A5A9F009C5876 /* CloudGenerator.swift */; };
		97961B7C246CA29A007F7BE6 /* AppDelegate.swift in Sources */ = {isa = PBXBuildFile; fileRef = 97961B7B246CA29A007F7BE6 /* AppDelegate.swift */; };
		97961B7E246CA29A007F7BE6 /* GameScene.sks in Resources */ = {isa = PBXBuildFile; fileRef = 97961B7D246CA29A007F7BE6 /* GameScene.sks */; };
		97961B82246CA29A007F7BE6 /* GameScene.swift in Sources */ = {isa = PBXBuildFile; fileRef = 97961B81246CA29A007F7BE6 /* GameScene.swift */; };
		97961B84246CA29A007F7BE6 /* GameViewController.swift in Sources */ = {isa = PBXBuildFile; fileRef = 97961B83246CA29A007F7BE6 /* GameViewController.swift */; };
		97961B89246CA29C007F7BE6 /* Assets.xcassets in Resources */ = {isa = PBXBuildFile; fileRef = 97961B88246CA29C007F7BE6 /* Assets.xcassets */; };
		97961B8C246CA29C007F7BE6 /* LaunchScreen.storyboard in Resources */ = {isa = PBXBuildFile; fileRef = 97961B8A246CA29C007F7BE6 /* LaunchScreen.storyboard */; };
		97961B97246CA29C007F7BE6 /* RagdollRunTests.swift in Sources */ = {isa = PBXBuildFile; fileRef = 97961B96246CA29C007F7BE6 /* RagdollRunTests.swift */; };
		97961BA2246CA29C007F7BE6 /* RagdollRunUITests.swift in Sources */ = {isa = PBXBuildFile; fileRef = 97961BA1246CA29C007F7BE6 /* RagdollRunUITests.swift */; };
		97961BB6246CA7AF007F7BE6 /* Main_iPhone.storyboard in Resources */ = {isa = PBXBuildFile; fileRef = 97961BB5246CA7AF007F7BE6 /* Main_iPhone.storyboard */; };
		97961BB8246DEDAA007F7BE6 /* AvatarManager.swift in Sources */ = {isa = PBXBuildFile; fileRef = 97961BB7246DEDAA007F7BE6 /* AvatarManager.swift */; };
		97961BBA246DF4C2007F7BE6 /* Utils.swift in Sources */ = {isa = PBXBuildFile; fileRef = 97961BB9246DF4C2007F7BE6 /* Utils.swift */; };
		97DA343524904AF200C565EA /* GameMessageViewController.swift in Sources */ = {isa = PBXBuildFile; fileRef = 97269ACD248B085200DC0003 /* GameMessageViewController.swift */; };
		97DA343624904AF900C565EA /* ViewControllerCommunicators.swift in Sources */ = {isa = PBXBuildFile; fileRef = 97EA292D2490385400CF418E /* ViewControllerCommunicators.swift */; };
		97DA3438249168F000C565EA /* CoinManager.swift in Sources */ = {isa = PBXBuildFile; fileRef = 97DA3437249168F000C565EA /* CoinManager.swift */; };
		97DA343924916AED00C565EA /* CoinManager.swift in Sources */ = {isa = PBXBuildFile; fileRef = 97DA3437249168F000C565EA /* CoinManager.swift */; };
		97DA343B2491840D00C565EA /* StoreKit.framework in Frameworks */ = {isa = PBXBuildFile; fileRef = 97DA343A2491840D00C565EA /* StoreKit.framework */; };
		97DA343E2491844B00C565EA /* CloudKit.framework in Frameworks */ = {isa = PBXBuildFile; fileRef = 97DA343D2491844B00C565EA /* CloudKit.framework */; };
		97DA344024918E3E00C565EA /* StoreObserver.swift in Sources */ = {isa = PBXBuildFile; fileRef = 97DA343F24918E3E00C565EA /* StoreObserver.swift */; };
		97DA344124918E3E00C565EA /* StoreObserver.swift in Sources */ = {isa = PBXBuildFile; fileRef = 97DA343F24918E3E00C565EA /* StoreObserver.swift */; };
		97DA34432491918100C565EA /* Data.swift in Sources */ = {isa = PBXBuildFile; fileRef = 97DA34422491918100C565EA /* Data.swift */; };
		97DA34442491918100C565EA /* Data.swift in Sources */ = {isa = PBXBuildFile; fileRef = 97DA34422491918100C565EA /* Data.swift */; };
		97DA34472491953C00C565EA /* StoreManager.swift in Sources */ = {isa = PBXBuildFile; fileRef = 97DA34462491953C00C565EA /* StoreManager.swift */; };
		97DA34482491953C00C565EA /* StoreManager.swift in Sources */ = {isa = PBXBuildFile; fileRef = 97DA34462491953C00C565EA /* StoreManager.swift */; };
		97DA344A2492DC6600C565EA /* CloudVars.swift in Sources */ = {isa = PBXBuildFile; fileRef = 97DA34492492DC6600C565EA /* CloudVars.swift */; };
		97DA344B2492DC6600C565EA /* CloudVars.swift in Sources */ = {isa = PBXBuildFile; fileRef = 97DA34492492DC6600C565EA /* CloudVars.swift */; };
		97EA292A248C6A2000CF418E /* ReadyViewController.swift in Sources */ = {isa = PBXBuildFile; fileRef = 97EA2928248C6A1A00CF418E /* ReadyViewController.swift */; };
		97EA292C248C6A8500CF418E /* ScoreViewController.swift in Sources */ = {isa = PBXBuildFile; fileRef = 97EA292B248C6A8500CF418E /* ScoreViewController.swift */; };
		97EA292E2490385400CF418E /* ViewControllerCommunicators.swift in Sources */ = {isa = PBXBuildFile; fileRef = 97EA292D2490385400CF418E /* ViewControllerCommunicators.swift */; };
/* End PBXBuildFile section */

/* Begin PBXContainerItemProxy section */
		97692F842489A06500F86E4D /* PBXContainerItemProxy */ = {
			isa = PBXContainerItemProxy;
			containerPortal = 97961B70246CA29A007F7BE6 /* Project object */;
			proxyType = 1;
			remoteGlobalIDString = 97692F762489A06100F86E4D;
			remoteInfo = "Ragdoll Run";
		};
		97961B93246CA29C007F7BE6 /* PBXContainerItemProxy */ = {
			isa = PBXContainerItemProxy;
			containerPortal = 97961B70246CA29A007F7BE6 /* Project object */;
			proxyType = 1;
			remoteGlobalIDString = 97961B77246CA29A007F7BE6;
			remoteInfo = RegularMaria;
		};
		97961B9E246CA29C007F7BE6 /* PBXContainerItemProxy */ = {
			isa = PBXContainerItemProxy;
			containerPortal = 97961B70246CA29A007F7BE6 /* Project object */;
			proxyType = 1;
			remoteGlobalIDString = 97961B77246CA29A007F7BE6;
			remoteInfo = RegularMaria;
		};
/* End PBXContainerItemProxy section */

/* Begin PBXCopyFilesBuildPhase section */
		97692F8A2489A06500F86E4D /* Embed App Extensions */ = {
			isa = PBXCopyFilesBuildPhase;
			buildActionMask = 2147483647;
			dstPath = "";
			dstSubfolderSpec = 13;
			files = (
				97692F862489A06500F86E4D /* Ragdoll Run Messages.appex in Embed App Extensions */,
			);
			name = "Embed App Extensions";
			runOnlyForDeploymentPostprocessing = 0;
		};
/* End PBXCopyFilesBuildPhase section */

/* Begin PBXFileReference section */
		97269ACD248B085200DC0003 /* GameMessageViewController.swift */ = {isa = PBXFileReference; lastKnownFileType = sourcecode.swift; path = GameMessageViewController.swift; sourceTree = "<group>"; };
		97269AD0248B13C300DC0003 /* SceneMessagesComm.swift */ = {isa = PBXFileReference; lastKnownFileType = sourcecode.swift; path = SceneMessagesComm.swift; sourceTree = "<group>"; };
		97369FA92498405400FBE9DD /* GoogleMobileAds.framework */ = {isa = PBXFileReference; lastKnownFileType = wrapper.framework; path = GoogleMobileAds.framework; sourceTree = "<group>"; };
		97369FAA2498405400FBE9DD /* GoogleUtilities.xcframework */ = {isa = PBXFileReference; lastKnownFileType = wrapper.xcframework; path = GoogleUtilities.xcframework; sourceTree = "<group>"; };
		97369FAB2498405500FBE9DD /* GoogleAppMeasurement.framework */ = {isa = PBXFileReference; lastKnownFileType = wrapper.framework; path = GoogleAppMeasurement.framework; sourceTree = "<group>"; };
		97369FB22498406500FBE9DD /* nanopb.xcframework */ = {isa = PBXFileReference; lastKnownFileType = wrapper.xcframework; path = nanopb.xcframework; sourceTree = "<group>"; };
		97369FB52498412600FBE9DD /* PromisesObjC.xcframework */ = {isa = PBXFileReference; lastKnownFileType = wrapper.xcframework; path = PromisesObjC.xcframework; sourceTree = "<group>"; };
		9738EBF324F06AF300AD78E2 /* UserMessagingPlatform.framework */ = {isa = PBXFileReference; lastKnownFileType = wrapper.framework; path = UserMessagingPlatform.framework; sourceTree = "<group>"; };
		973C06A32498225900B05407 /* jump.mp3 */ = {isa = PBXFileReference; lastKnownFileType = audio.mp3; path = jump.mp3; sourceTree = "<group>"; };
		973C06A624982A3500B05407 /* death.mp3 */ = {isa = PBXFileReference; lastKnownFileType = audio.mp3; path = death.mp3; sourceTree = "<group>"; };
		973C06A924982A3A00B05407 /* coin.mp3 */ = {isa = PBXFileReference; lastKnownFileType = audio.mp3; path = coin.mp3; sourceTree = "<group>"; };
		973C06AD249836A900B05407 /* silence.mp3 */ = {isa = PBXFileReference; lastKnownFileType = audio.mp3; path = silence.mp3; sourceTree = "<group>"; };
		974AF65D2475D50F00A1EC30 /* WorldGenerator.swift */ = {isa = PBXFileReference; lastKnownFileType = sourcecode.swift; path = WorldGenerator.swift; sourceTree = "<group>"; };
		976256E72485C67C00E3A277 /* StyleManager.swift */ = {isa = PBXFileReference; lastKnownFileType = sourcecode.swift; path = StyleManager.swift; sourceTree = "<group>"; };
		97692F772489A06100F86E4D /* Ragdoll Run Messages.appex */ = {isa = PBXFileReference; explicitFileType = "wrapper.app-extension"; includeInIndex = 0; path = "Ragdoll Run Messages.appex"; sourceTree = BUILT_PRODUCTS_DIR; };
		97692F792489A06100F86E4D /* Messages.framework */ = {isa = PBXFileReference; lastKnownFileType = wrapper.framework; name = Messages.framework; path = System/Library/Frameworks/Messages.framework; sourceTree = SDKROOT; };
		97692F7C2489A06100F86E4D /* MessagesViewController.swift */ = {isa = PBXFileReference; lastKnownFileType = sourcecode.swift; path = MessagesViewController.swift; sourceTree = "<group>"; };
		97692F7F2489A06100F86E4D /* Base */ = {isa = PBXFileReference; lastKnownFileType = file.storyboard; name = Base; path = Base.lproj/MainInterface.storyboard; sourceTree = "<group>"; };
		97692F812489A06500F86E4D /* Assets.xcassets */ = {isa = PBXFileReference; lastKnownFileType = folder.assetcatalog; path = Assets.xcassets; sourceTree = "<group>"; };
		97692F832489A06500F86E4D /* Info.plist */ = {isa = PBXFileReference; lastKnownFileType = text.plist.xml; path = Info.plist; sourceTree = "<group>"; };
		97692F8E2489A74300F86E4D /* RunMatch.swift */ = {isa = PBXFileReference; lastKnownFileType = sourcecode.swift; path = RunMatch.swift; sourceTree = "<group>"; };
		977CB77B24804F7100FAF268 /* MenuScene.sks */ = {isa = PBXFileReference; lastKnownFileType = file.sks; path = MenuScene.sks; sourceTree = "<group>"; };
		977CB77F2480553D00FAF268 /* MenuScene.swift */ = {isa = PBXFileReference; lastKnownFileType = sourcecode.swift; path = MenuScene.swift; sourceTree = "<group>"; };
		9786DDF224844831008FCF6C /* CustomizeScene.sks */ = {isa = PBXFileReference; lastKnownFileType = file.sks; path = CustomizeScene.sks; sourceTree = "<group>"; };
		9786DDF424844840008FCF6C /* CustomizeScene.swift */ = {isa = PBXFileReference; lastKnownFileType = sourcecode.swift; path = CustomizeScene.swift; sourceTree = "<group>"; };
		978D83DB24807F6100D65F36 /* Ragdoll Run.entitlements */ = {isa = PBXFileReference; lastKnownFileType = text.plist.entitlements; path = "Ragdoll Run.entitlements"; sourceTree = "<group>"; };
		97931AB52494286A00520897 /* ScoreScene.sks */ = {isa = PBXFileReference; lastKnownFileType = file.sks; path = ScoreScene.sks; sourceTree = "<group>"; };
		97931AB82494287400520897 /* ScoreScene.swift */ = {isa = PBXFileReference; lastKnownFileType = sourcecode.swift; path = ScoreScene.swift; sourceTree = "<group>"; };
		979424D8277A5A9F009C5876 /* CloudGenerator.swift */ = {isa = PBXFileReference; lastKnownFileType = sourcecode.swift; path = CloudGenerator.swift; sourceTree = "<group>"; };
		97961B78246CA29A007F7BE6 /* Ragdoll Run.app */ = {isa = PBXFileReference; explicitFileType = wrapper.application; includeInIndex = 0; path = "Ragdoll Run.app"; sourceTree = BUILT_PRODUCTS_DIR; };
		97961B7B246CA29A007F7BE6 /* AppDelegate.swift */ = {isa = PBXFileReference; lastKnownFileType = sourcecode.swift; path = AppDelegate.swift; sourceTree = "<group>"; };
		97961B7D246CA29A007F7BE6 /* GameScene.sks */ = {isa = PBXFileReference; lastKnownFileType = file.sks; path = GameScene.sks; sourceTree = "<group>"; };
		97961B81246CA29A007F7BE6 /* GameScene.swift */ = {isa = PBXFileReference; lastKnownFileType = sourcecode.swift; path = GameScene.swift; sourceTree = "<group>"; };
		97961B83246CA29A007F7BE6 /* GameViewController.swift */ = {isa = PBXFileReference; lastKnownFileType = sourcecode.swift; path = GameViewController.swift; sourceTree = "<group>"; };
		97961B88246CA29C007F7BE6 /* Assets.xcassets */ = {isa = PBXFileReference; lastKnownFileType = folder.assetcatalog; path = Assets.xcassets; sourceTree = "<group>"; };
		97961B8B246CA29C007F7BE6 /* Base */ = {isa = PBXFileReference; lastKnownFileType = file.storyboard; name = Base; path = Base.lproj/LaunchScreen.storyboard; sourceTree = "<group>"; };
		97961B8D246CA29C007F7BE6 /* Info.plist */ = {isa = PBXFileReference; lastKnownFileType = text.plist.xml; path = Info.plist; sourceTree = "<group>"; };
		97961B92246CA29C007F7BE6 /* RagdollRunTests.xctest */ = {isa = PBXFileReference; explicitFileType = wrapper.cfbundle; includeInIndex = 0; path = RagdollRunTests.xctest; sourceTree = BUILT_PRODUCTS_DIR; };
		97961B96246CA29C007F7BE6 /* RagdollRunTests.swift */ = {isa = PBXFileReference; lastKnownFileType = sourcecode.swift; path = RagdollRunTests.swift; sourceTree = "<group>"; };
		97961B98246CA29C007F7BE6 /* Info.plist */ = {isa = PBXFileReference; lastKnownFileType = text.plist.xml; path = Info.plist; sourceTree = "<group>"; };
		97961B9D246CA29C007F7BE6 /* RagdollRunUITests.xctest */ = {isa = PBXFileReference; explicitFileType = wrapper.cfbundle; includeInIndex = 0; path = RagdollRunUITests.xctest; sourceTree = BUILT_PRODUCTS_DIR; };
		97961BA1246CA29C007F7BE6 /* RagdollRunUITests.swift */ = {isa = PBXFileReference; lastKnownFileType = sourcecode.swift; path = RagdollRunUITests.swift; sourceTree = "<group>"; };
		97961BA3246CA29C007F7BE6 /* Info.plist */ = {isa = PBXFileReference; lastKnownFileType = text.plist.xml; path = Info.plist; sourceTree = "<group>"; };
		97961BB5246CA7AF007F7BE6 /* Main_iPhone.storyboard */ = {isa = PBXFileReference; lastKnownFileType = file.storyboard; path = Main_iPhone.storyboard; sourceTree = "<group>"; };
		97961BB7246DEDAA007F7BE6 /* AvatarManager.swift */ = {isa = PBXFileReference; lastKnownFileType = sourcecode.swift; path = AvatarManager.swift; sourceTree = "<group>"; };
		97961BB9246DF4C2007F7BE6 /* Utils.swift */ = {isa = PBXFileReference; lastKnownFileType = sourcecode.swift; path = Utils.swift; sourceTree = "<group>"; };
		97DA3437249168F000C565EA /* CoinManager.swift */ = {isa = PBXFileReference; lastKnownFileType = sourcecode.swift; path = CoinManager.swift; sourceTree = "<group>"; };
		97DA343A2491840D00C565EA /* StoreKit.framework */ = {isa = PBXFileReference; lastKnownFileType = wrapper.framework; name = StoreKit.framework; path = System/Library/Frameworks/StoreKit.framework; sourceTree = SDKROOT; };
		97DA343C2491843700C565EA /* Ragdoll Run Messages.entitlements */ = {isa = PBXFileReference; lastKnownFileType = text.plist.entitlements; path = "Ragdoll Run Messages.entitlements"; sourceTree = "<group>"; };
		97DA343D2491844B00C565EA /* CloudKit.framework */ = {isa = PBXFileReference; lastKnownFileType = wrapper.framework; name = CloudKit.framework; path = System/Library/Frameworks/CloudKit.framework; sourceTree = SDKROOT; };
		97DA343F24918E3E00C565EA /* StoreObserver.swift */ = {isa = PBXFileReference; lastKnownFileType = sourcecode.swift; path = StoreObserver.swift; sourceTree = "<group>"; };
		97DA34422491918100C565EA /* Data.swift */ = {isa = PBXFileReference; lastKnownFileType = sourcecode.swift; path = Data.swift; sourceTree = "<group>"; };
		97DA34462491953C00C565EA /* StoreManager.swift */ = {isa = PBXFileReference; lastKnownFileType = sourcecode.swift; path = StoreManager.swift; sourceTree = "<group>"; };
		97DA34492492DC6600C565EA /* CloudVars.swift */ = {isa = PBXFileReference; lastKnownFileType = sourcecode.swift; path = CloudVars.swift; sourceTree = "<group>"; };
		97EA2928248C6A1A00CF418E /* ReadyViewController.swift */ = {isa = PBXFileReference; lastKnownFileType = sourcecode.swift; path = ReadyViewController.swift; sourceTree = "<group>"; };
		97EA292B248C6A8500CF418E /* ScoreViewController.swift */ = {isa = PBXFileReference; lastKnownFileType = sourcecode.swift; path = ScoreViewController.swift; sourceTree = "<group>"; };
		97EA292D2490385400CF418E /* ViewControllerCommunicators.swift */ = {isa = PBXFileReference; lastKnownFileType = sourcecode.swift; path = ViewControllerCommunicators.swift; sourceTree = "<group>"; };
/* End PBXFileReference section */

/* Begin PBXFrameworksBuildPhase section */
		97692F742489A06100F86E4D /* Frameworks */ = {
			isa = PBXFrameworksBuildPhase;
			buildActionMask = 2147483647;
			files = (
				97369FAF2498405600FBE9DD /* GoogleUtilities.xcframework in Frameworks */,
				97369FB12498405600FBE9DD /* GoogleAppMeasurement.framework in Frameworks */,
				97692F8B2489A08F00F86E4D /* Messages.framework in Frameworks */,
				97369FB72498412600FBE9DD /* PromisesObjC.xcframework in Frameworks */,
				97369FB42498406500FBE9DD /* nanopb.xcframework in Frameworks */,
				9738EBF524F06AF300AD78E2 /* UserMessagingPlatform.framework in Frameworks */,
				97369FAD2498405600FBE9DD /* GoogleMobileAds.framework in Frameworks */,
				97DA343E2491844B00C565EA /* CloudKit.framework in Frameworks */,
			);
			runOnlyForDeploymentPostprocessing = 0;
		};
		97961B75246CA29A007F7BE6 /* Frameworks */ = {
			isa = PBXFrameworksBuildPhase;
			buildActionMask = 2147483647;
			files = (
				97369FAC2498405600FBE9DD /* GoogleMobileAds.framework in Frameworks */,
				97DA343B2491840D00C565EA /* StoreKit.framework in Frameworks */,
				97369FB02498405600FBE9DD /* GoogleAppMeasurement.framework in Frameworks */,
				97369FB62498412600FBE9DD /* PromisesObjC.xcframework in Frameworks */,
				97369FB32498406500FBE9DD /* nanopb.xcframework in Frameworks */,
				9738EBF424F06AF300AD78E2 /* UserMessagingPlatform.framework in Frameworks */,
				97369FAE2498405600FBE9DD /* GoogleUtilities.xcframework in Frameworks */,
			);
			runOnlyForDeploymentPostprocessing = 0;
		};
		97961B8F246CA29C007F7BE6 /* Frameworks */ = {
			isa = PBXFrameworksBuildPhase;
			buildActionMask = 2147483647;
			files = (
			);
			runOnlyForDeploymentPostprocessing = 0;
		};
		97961B9A246CA29C007F7BE6 /* Frameworks */ = {
			isa = PBXFrameworksBuildPhase;
			buildActionMask = 2147483647;
			files = (
			);
			runOnlyForDeploymentPostprocessing = 0;
		};
/* End PBXFrameworksBuildPhase section */

/* Begin PBXGroup section */
		97692F782489A06100F86E4D /* Frameworks */ = {
			isa = PBXGroup;
			children = (
				9738EBF324F06AF300AD78E2 /* UserMessagingPlatform.framework */,
				97369FB52498412600FBE9DD /* PromisesObjC.xcframework */,
				97369FB22498406500FBE9DD /* nanopb.xcframework */,
				97369FAB2498405500FBE9DD /* GoogleAppMeasurement.framework */,
				97369FA92498405400FBE9DD /* GoogleMobileAds.framework */,
				97369FAA2498405400FBE9DD /* GoogleUtilities.xcframework */,
				97DA343D2491844B00C565EA /* CloudKit.framework */,
				97DA343A2491840D00C565EA /* StoreKit.framework */,
				97692F792489A06100F86E4D /* Messages.framework */,
			);
			name = Frameworks;
			sourceTree = "<group>";
		};
		97692F7B2489A06100F86E4D /* RRMessages */ = {
			isa = PBXGroup;
			children = (
				97DA343C2491843700C565EA /* Ragdoll Run Messages.entitlements */,
				97692F7C2489A06100F86E4D /* MessagesViewController.swift */,
				97692F8E2489A74300F86E4D /* RunMatch.swift */,
				97EA292D2490385400CF418E /* ViewControllerCommunicators.swift */,
				97692F7E2489A06100F86E4D /* MainInterface.storyboard */,
				97692F812489A06500F86E4D /* Assets.xcassets */,
				97692F832489A06500F86E4D /* Info.plist */,
				97269ACD248B085200DC0003 /* GameMessageViewController.swift */,
				97EA2928248C6A1A00CF418E /* ReadyViewController.swift */,
				97EA292B248C6A8500CF418E /* ScoreViewController.swift */,
			);
			path = RRMessages;
			sourceTree = "<group>";
		};
		978EC64D2486EBE400469FC7 /* Scenes */ = {
			isa = PBXGroup;
			children = (
				97961B7D246CA29A007F7BE6 /* GameScene.sks */,
				9786DDF224844831008FCF6C /* CustomizeScene.sks */,
				9786DDF424844840008FCF6C /* CustomizeScene.swift */,
				977CB77B24804F7100FAF268 /* MenuScene.sks */,
				977CB77F2480553D00FAF268 /* MenuScene.swift */,
				97961B81246CA29A007F7BE6 /* GameScene.swift */,
				97269AD0248B13C300DC0003 /* SceneMessagesComm.swift */,
				97931AB52494286A00520897 /* ScoreScene.sks */,
				97931AB82494287400520897 /* ScoreScene.swift */,
			);
			path = Scenes;
			sourceTree = "<group>";
		};
		978EC64E2486EBFF00469FC7 /* Managers */ = {
			isa = PBXGroup;
			children = (
				974AF65D2475D50F00A1EC30 /* WorldGenerator.swift */,
				97961BB7246DEDAA007F7BE6 /* AvatarManager.swift */,
				976256E72485C67C00E3A277 /* StyleManager.swift */,
				973C06A32498225900B05407 /* jump.mp3 */,
				973C06A624982A3500B05407 /* death.mp3 */,
				973C06A924982A3A00B05407 /* coin.mp3 */,
				973C06AD249836A900B05407 /* silence.mp3 */,
				97DA3437249168F000C565EA /* CoinManager.swift */,
				97DA34492492DC6600C565EA /* CloudVars.swift */,
				979424D8277A5A9F009C5876 /* CloudGenerator.swift */,
			);
			path = Managers;
			sourceTree = "<group>";
		};
		97961B6F246CA29A007F7BE6 = {
			isa = PBXGroup;
			children = (
				97961B7A246CA29A007F7BE6 /* RagdollRun */,
				97961B95246CA29C007F7BE6 /* RagdollRunTests */,
				97961BA0246CA29C007F7BE6 /* RagdollRunUITests */,
				97692F7B2489A06100F86E4D /* RRMessages */,
				97692F782489A06100F86E4D /* Frameworks */,
				97961B79246CA29A007F7BE6 /* Products */,
			);
			sourceTree = "<group>";
		};
		97961B79246CA29A007F7BE6 /* Products */ = {
			isa = PBXGroup;
			children = (
				97961B78246CA29A007F7BE6 /* Ragdoll Run.app */,
				97961B92246CA29C007F7BE6 /* RagdollRunTests.xctest */,
				97961B9D246CA29C007F7BE6 /* RagdollRunUITests.xctest */,
				97692F772489A06100F86E4D /* Ragdoll Run Messages.appex */,
			);
			name = Products;
			sourceTree = "<group>";
		};
		97961B7A246CA29A007F7BE6 /* RagdollRun */ = {
			isa = PBXGroup;
			children = (
				97DA34452491951100C565EA /* Purchases */,
				978EC64E2486EBFF00469FC7 /* Managers */,
				978EC64D2486EBE400469FC7 /* Scenes */,
				978D83DB24807F6100D65F36 /* Ragdoll Run.entitlements */,
				97961B7B246CA29A007F7BE6 /* AppDelegate.swift */,
				97961B83246CA29A007F7BE6 /* GameViewController.swift */,
				97961B88246CA29C007F7BE6 /* Assets.xcassets */,
				97961B8A246CA29C007F7BE6 /* LaunchScreen.storyboard */,
				97961B8D246CA29C007F7BE6 /* Info.plist */,
				97961BB5246CA7AF007F7BE6 /* Main_iPhone.storyboard */,
				97961BB9246DF4C2007F7BE6 /* Utils.swift */,
				97DA34422491918100C565EA /* Data.swift */,
			);
			path = RagdollRun;
			sourceTree = "<group>";
		};
		97961B95246CA29C007F7BE6 /* RagdollRunTests */ = {
			isa = PBXGroup;
			children = (
				97961B96246CA29C007F7BE6 /* RagdollRunTests.swift */,
				97961B98246CA29C007F7BE6 /* Info.plist */,
			);
			path = RagdollRunTests;
			sourceTree = "<group>";
		};
		97961BA0246CA29C007F7BE6 /* RagdollRunUITests */ = {
			isa = PBXGroup;
			children = (
				97961BA1246CA29C007F7BE6 /* RagdollRunUITests.swift */,
				97961BA3246CA29C007F7BE6 /* Info.plist */,
			);
			path = RagdollRunUITests;
			sourceTree = "<group>";
		};
		97DA34452491951100C565EA /* Purchases */ = {
			isa = PBXGroup;
			children = (
				97DA343F24918E3E00C565EA /* StoreObserver.swift */,
				97DA34462491953C00C565EA /* StoreManager.swift */,
			);
			path = Purchases;
			sourceTree = "<group>";
		};
/* End PBXGroup section */

/* Begin PBXNativeTarget section */
		97692F762489A06100F86E4D /* Ragdoll Run */ = {
			isa = PBXNativeTarget;
			buildConfigurationList = 97692F872489A06500F86E4D /* Build configuration list for PBXNativeTarget "Ragdoll Run" */;
			buildPhases = (
				97692F732489A06100F86E4D /* Sources */,
				97692F742489A06100F86E4D /* Frameworks */,
				97692F752489A06100F86E4D /* Resources */,
			);
			buildRules = (
			);
			dependencies = (
			);
			name = "Ragdoll Run";
			productName = "Ragdoll Run";
			productReference = 97692F772489A06100F86E4D /* Ragdoll Run Messages.appex */;
			productType = "com.apple.product-type.app-extension.messages";
		};
		97961B77246CA29A007F7BE6 /* RagdollRun */ = {
			isa = PBXNativeTarget;
			buildConfigurationList = 97961BA6246CA29C007F7BE6 /* Build configuration list for PBXNativeTarget "RagdollRun" */;
			buildPhases = (
				97961B74246CA29A007F7BE6 /* Sources */,
				97961B75246CA29A007F7BE6 /* Frameworks */,
				97961B76246CA29A007F7BE6 /* Resources */,
				97692F8A2489A06500F86E4D /* Embed App Extensions */,
			);
			buildRules = (
			);
			dependencies = (
				97692F852489A06500F86E4D /* PBXTargetDependency */,
			);
			name = RagdollRun;
			productName = RegularMaria;
			productReference = 97961B78246CA29A007F7BE6 /* Ragdoll Run.app */;
			productType = "com.apple.product-type.application";
		};
		97961B91246CA29C007F7BE6 /* RagdollRunTests */ = {
			isa = PBXNativeTarget;
			buildConfigurationList = 97961BA9246CA29C007F7BE6 /* Build configuration list for PBXNativeTarget "RagdollRunTests" */;
			buildPhases = (
				97961B8E246CA29C007F7BE6 /* Sources */,
				97961B8F246CA29C007F7BE6 /* Frameworks */,
				97961B90246CA29C007F7BE6 /* Resources */,
			);
			buildRules = (
			);
			dependencies = (
				97961B94246CA29C007F7BE6 /* PBXTargetDependency */,
			);
			name = RagdollRunTests;
			productName = RegularMariaTests;
			productReference = 97961B92246CA29C007F7BE6 /* RagdollRunTests.xctest */;
			productType = "com.apple.product-type.bundle.unit-test";
		};
		97961B9C246CA29C007F7BE6 /* RagdollRunUITests */ = {
			isa = PBXNativeTarget;
			buildConfigurationList = 97961BAC246CA29C007F7BE6 /* Build configuration list for PBXNativeTarget "RagdollRunUITests" */;
			buildPhases = (
				97961B99246CA29C007F7BE6 /* Sources */,
				97961B9A246CA29C007F7BE6 /* Frameworks */,
				97961B9B246CA29C007F7BE6 /* Resources */,
			);
			buildRules = (
			);
			dependencies = (
				97961B9F246CA29C007F7BE6 /* PBXTargetDependency */,
			);
			name = RagdollRunUITests;
			productName = RegularMariaUITests;
			productReference = 97961B9D246CA29C007F7BE6 /* RagdollRunUITests.xctest */;
			productType = "com.apple.product-type.bundle.ui-testing";
		};
/* End PBXNativeTarget section */

/* Begin PBXProject section */
		97961B70246CA29A007F7BE6 /* Project object */ = {
			isa = PBXProject;
			attributes = {
				LastSwiftUpdateCheck = 1150;
				LastUpgradeCheck = 1200;
				ORGANIZATIONNAME = "Jacob Leiken";
				TargetAttributes = {
					97692F762489A06100F86E4D = {
						CreatedOnToolsVersion = 11.5;
					};
					97961B77246CA29A007F7BE6 = {
						CreatedOnToolsVersion = 11.4.1;
					};
					97961B91246CA29C007F7BE6 = {
						CreatedOnToolsVersion = 11.4.1;
						TestTargetID = 97961B77246CA29A007F7BE6;
					};
					97961B9C246CA29C007F7BE6 = {
						CreatedOnToolsVersion = 11.4.1;
						TestTargetID = 97961B77246CA29A007F7BE6;
					};
				};
			};
			buildConfigurationList = 97961B73246CA29A007F7BE6 /* Build configuration list for PBXProject "RagdollRun" */;
			compatibilityVersion = "Xcode 9.3";
			developmentRegion = en;
			hasScannedForEncodings = 0;
			knownRegions = (
				en,
				Base,
			);
			mainGroup = 97961B6F246CA29A007F7BE6;
			productRefGroup = 97961B79246CA29A007F7BE6 /* Products */;
			projectDirPath = "";
			projectRoot = "";
			targets = (
				97961B77246CA29A007F7BE6 /* RagdollRun */,
				97961B91246CA29C007F7BE6 /* RagdollRunTests */,
				97961B9C246CA29C007F7BE6 /* RagdollRunUITests */,
				97692F762489A06100F86E4D /* Ragdoll Run */,
			);
		};
/* End PBXProject section */

/* Begin PBXResourcesBuildPhase section */
		97692F752489A06100F86E4D /* Resources */ = {
			isa = PBXResourcesBuildPhase;
			buildActionMask = 2147483647;
			files = (
				97692F932489B6DD00F86E4D /* GameScene.sks in Resources */,
				97692F822489A06500F86E4D /* Assets.xcassets in Resources */,
				97692F922489B6DA00F86E4D /* MenuScene.sks in Resources */,
				97692F802489A06100F86E4D /* MainInterface.storyboard in Resources */,
				97269ACF248B0B5900DC0003 /* Assets.xcassets in Resources */,
				973C06A824982A3500B05407 /* death.mp3 in Resources */,
				973C06A52498225900B05407 /* jump.mp3 in Resources */,
				973C06AB24982A3A00B05407 /* coin.mp3 in Resources */,
				97692F942489B6E100F86E4D /* CustomizeScene.sks in Resources */,
				97931AB72494286B00520897 /* ScoreScene.sks in Resources */,
				973C06AF249836AA00B05407 /* silence.mp3 in Resources */,
			);
			runOnlyForDeploymentPostprocessing = 0;
		};
		97961B76246CA29A007F7BE6 /* Resources */ = {
			isa = PBXResourcesBuildPhase;
			buildActionMask = 2147483647;
			files = (
				9786DDF324844831008FCF6C /* CustomizeScene.sks in Resources */,
				97961B7E246CA29A007F7BE6 /* GameScene.sks in Resources */,
				97961BB6246CA7AF007F7BE6 /* Main_iPhone.storyboard in Resources */,
				97961B89246CA29C007F7BE6 /* Assets.xcassets in Resources */,
				977CB77C24804F7100FAF268 /* MenuScene.sks in Resources */,
				973C06A724982A3500B05407 /* death.mp3 in Resources */,
				973C06A42498225900B05407 /* jump.mp3 in Resources */,
				973C06AA24982A3A00B05407 /* coin.mp3 in Resources */,
				97961B8C246CA29C007F7BE6 /* LaunchScreen.storyboard in Resources */,
				97931AB62494286B00520897 /* ScoreScene.sks in Resources */,
				973C06AE249836AA00B05407 /* silence.mp3 in Resources */,
			);
			runOnlyForDeploymentPostprocessing = 0;
		};
		97961B90246CA29C007F7BE6 /* Resources */ = {
			isa = PBXResourcesBuildPhase;
			buildActionMask = 2147483647;
			files = (
			);
			runOnlyForDeploymentPostprocessing = 0;
		};
		97961B9B246CA29C007F7BE6 /* Resources */ = {
			isa = PBXResourcesBuildPhase;
			buildActionMask = 2147483647;
			files = (
			);
			runOnlyForDeploymentPostprocessing = 0;
		};
/* End PBXResourcesBuildPhase section */

/* Begin PBXSourcesBuildPhase section */
		97692F732489A06100F86E4D /* Sources */ = {
			isa = PBXSourcesBuildPhase;
			buildActionMask = 2147483647;
			files = (
				97DA343924916AED00C565EA /* CoinManager.swift in Sources */,
				97269AD2248B13C300DC0003 /* SceneMessagesComm.swift in Sources */,
				97692F982489B6F800F86E4D /* AvatarManager.swift in Sources */,
				97EA292A248C6A2000CF418E /* ReadyViewController.swift in Sources */,
				97692F7D2489A06100F86E4D /* MessagesViewController.swift in Sources */,
				97DA344B2492DC6600C565EA /* CloudVars.swift in Sources */,
				97692F992489B6FA00F86E4D /* StyleManager.swift in Sources */,
				97692F952489B6E300F86E4D /* CustomizeScene.swift in Sources */,
				97DA34442491918100C565EA /* Data.swift in Sources */,
				97EA292E2490385400CF418E /* ViewControllerCommunicators.swift in Sources */,
				97269ACE248B085200DC0003 /* GameMessageViewController.swift in Sources */,
				97DA34482491953C00C565EA /* StoreManager.swift in Sources */,
				97EA292C248C6A8500CF418E /* ScoreViewController.swift in Sources */,
				97692F902489B18100F86E4D /* GameViewController.swift in Sources */,
				97692F9A2489B6FF00F86E4D /* Utils.swift in Sources */,
				97931ABA2494287400520897 /* ScoreScene.swift in Sources */,
				97692F962489B6E600F86E4D /* MenuScene.swift in Sources */,
				979424DA277A5A9F009C5876 /* CloudGenerator.swift in Sources */,
				97692F972489B6F500F86E4D /* WorldGenerator.swift in Sources */,
				97692F912489B6D000F86E4D /* GameScene.swift in Sources */,
				97DA344124918E3E00C565EA /* StoreObserver.swift in Sources */,
				97692F8F2489A74300F86E4D /* RunMatch.swift in Sources */,
			);
			runOnlyForDeploymentPostprocessing = 0;
		};
		97961B74246CA29A007F7BE6 /* Sources */ = {
			isa = PBXSourcesBuildPhase;
			buildActionMask = 2147483647;
			files = (
				97DA3438249168F000C565EA /* CoinManager.swift in Sources */,
				9786DDF524844840008FCF6C /* CustomizeScene.swift in Sources */,
				97961BBA246DF4C2007F7BE6 /* Utils.swift in Sources */,
				97269AD3248B148200DC0003 /* RunMatch.swift in Sources */,
				97961BB8246DEDAA007F7BE6 /* AvatarManager.swift in Sources */,
				979424D9277A5A9F009C5876 /* CloudGenerator.swift in Sources */,
				97961B82246CA29A007F7BE6 /* GameScene.swift in Sources */,
				974AF65E2475D50F00A1EC30 /* WorldGenerator.swift in Sources */,
				977CB7802480553D00FAF268 /* MenuScene.swift in Sources */,
				97269AD1248B13C300DC0003 /* SceneMessagesComm.swift in Sources */,
				97DA343524904AF200C565EA /* GameMessageViewController.swift in Sources */,
				97DA34472491953C00C565EA /* StoreManager.swift in Sources */,
				97961B84246CA29A007F7BE6 /* GameViewController.swift in Sources */,
				97DA344024918E3E00C565EA /* StoreObserver.swift in Sources */,
				97DA343624904AF900C565EA /* ViewControllerCommunicators.swift in Sources */,
				976256E82485C67C00E3A277 /* StyleManager.swift in Sources */,
				97DA344A2492DC6600C565EA /* CloudVars.swift in Sources */,
				97961B7C246CA29A007F7BE6 /* AppDelegate.swift in Sources */,
				97DA34432491918100C565EA /* Data.swift in Sources */,
				97931AB92494287400520897 /* ScoreScene.swift in Sources */,
			);
			runOnlyForDeploymentPostprocessing = 0;
		};
		97961B8E246CA29C007F7BE6 /* Sources */ = {
			isa = PBXSourcesBuildPhase;
			buildActionMask = 2147483647;
			files = (
				97961B97246CA29C007F7BE6 /* RagdollRunTests.swift in Sources */,
			);
			runOnlyForDeploymentPostprocessing = 0;
		};
		97961B99246CA29C007F7BE6 /* Sources */ = {
			isa = PBXSourcesBuildPhase;
			buildActionMask = 2147483647;
			files = (
				97961BA2246CA29C007F7BE6 /* RagdollRunUITests.swift in Sources */,
			);
			runOnlyForDeploymentPostprocessing = 0;
		};
/* End PBXSourcesBuildPhase section */

/* Begin PBXTargetDependency section */
		97692F852489A06500F86E4D /* PBXTargetDependency */ = {
			isa = PBXTargetDependency;
			target = 97692F762489A06100F86E4D /* Ragdoll Run */;
			targetProxy = 97692F842489A06500F86E4D /* PBXContainerItemProxy */;
		};
		97961B94246CA29C007F7BE6 /* PBXTargetDependency */ = {
			isa = PBXTargetDependency;
			target = 97961B77246CA29A007F7BE6 /* RagdollRun */;
			targetProxy = 97961B93246CA29C007F7BE6 /* PBXContainerItemProxy */;
		};
		97961B9F246CA29C007F7BE6 /* PBXTargetDependency */ = {
			isa = PBXTargetDependency;
			target = 97961B77246CA29A007F7BE6 /* RagdollRun */;
			targetProxy = 97961B9E246CA29C007F7BE6 /* PBXContainerItemProxy */;
		};
/* End PBXTargetDependency section */

/* Begin PBXVariantGroup section */
		97692F7E2489A06100F86E4D /* MainInterface.storyboard */ = {
			isa = PBXVariantGroup;
			children = (
				97692F7F2489A06100F86E4D /* Base */,
			);
			name = MainInterface.storyboard;
			sourceTree = "<group>";
		};
		97961B8A246CA29C007F7BE6 /* LaunchScreen.storyboard */ = {
			isa = PBXVariantGroup;
			children = (
				97961B8B246CA29C007F7BE6 /* Base */,
			);
			name = LaunchScreen.storyboard;
			sourceTree = "<group>";
		};
/* End PBXVariantGroup section */

/* Begin XCBuildConfiguration section */
		97692F882489A06500F86E4D /* Debug */ = {
			isa = XCBuildConfiguration;
			buildSettings = {
				ASSETCATALOG_COMPILER_APPICON_NAME = "iMessage App Icon";
				CODE_SIGN_ENTITLEMENTS = "RRMessages/Ragdoll Run Messages.entitlements";
				CODE_SIGN_STYLE = Automatic;
				CURRENT_PROJECT_VERSION = 1.1.9;
				DEVELOPMENT_TEAM = 4BBGK69C2R;
				FRAMEWORK_SEARCH_PATHS = (
					"$(inherited)",
					"$(PROJECT_DIR)",
				);
				INFOPLIST_FILE = RRMessages/Info.plist;
				IPHONEOS_DEPLOYMENT_TARGET = 12.0;
				LD_RUNPATH_SEARCH_PATHS = (
					"$(inherited)",
					"@executable_path/Frameworks",
					"@executable_path/../../Frameworks",
				);
				MARKETING_VERSION = 1.1.4;
				OTHER_LDFLAGS = "-ObjC";
				PRODUCT_BUNDLE_IDENTIFIER = com.jleiken.RagdollRun.RRMessages;
				PRODUCT_NAME = "Ragdoll Run Messages";
				SKIP_INSTALL = YES;
				SUPPORTS_MACCATALYST = NO;
				SWIFT_VERSION = 5.0;
				TARGETED_DEVICE_FAMILY = "1,2";
			};
			name = Debug;
		};
		97692F892489A06500F86E4D /* Release */ = {
			isa = XCBuildConfiguration;
			buildSettings = {
				ASSETCATALOG_COMPILER_APPICON_NAME = "iMessage App Icon";
				CODE_SIGN_ENTITLEMENTS = "RRMessages/Ragdoll Run Messages.entitlements";
				CODE_SIGN_STYLE = Automatic;
				CURRENT_PROJECT_VERSION = 1.1.9;
				DEVELOPMENT_TEAM = 4BBGK69C2R;
				FRAMEWORK_SEARCH_PATHS = (
					"$(inherited)",
					"$(PROJECT_DIR)",
				);
				INFOPLIST_FILE = RRMessages/Info.plist;
				IPHONEOS_DEPLOYMENT_TARGET = 12.0;
				LD_RUNPATH_SEARCH_PATHS = (
					"$(inherited)",
					"@executable_path/Frameworks",
					"@executable_path/../../Frameworks",
				);
				MARKETING_VERSION = 1.1.4;
				OTHER_LDFLAGS = "-ObjC";
				PRODUCT_BUNDLE_IDENTIFIER = com.jleiken.RagdollRun.RRMessages;
				PRODUCT_NAME = "Ragdoll Run Messages";
				SKIP_INSTALL = YES;
				SUPPORTS_MACCATALYST = NO;
				SWIFT_VERSION = 5.0;
				TARGETED_DEVICE_FAMILY = "1,2";
			};
			name = Release;
		};
		97961BA4246CA29C007F7BE6 /* Debug */ = {
			isa = XCBuildConfiguration;
			buildSettings = {
				ALWAYS_SEARCH_USER_PATHS = NO;
				CLANG_ANALYZER_NONNULL = YES;
				CLANG_ANALYZER_NUMBER_OBJECT_CONVERSION = YES_AGGRESSIVE;
				CLANG_CXX_LANGUAGE_STANDARD = "gnu++14";
				CLANG_CXX_LIBRARY = "libc++";
				CLANG_ENABLE_MODULES = YES;
				CLANG_ENABLE_OBJC_ARC = YES;
				CLANG_ENABLE_OBJC_WEAK = YES;
				CLANG_WARN_BLOCK_CAPTURE_AUTORELEASING = YES;
				CLANG_WARN_BOOL_CONVERSION = YES;
				CLANG_WARN_COMMA = YES;
				CLANG_WARN_CONSTANT_CONVERSION = YES;
				CLANG_WARN_DEPRECATED_OBJC_IMPLEMENTATIONS = YES;
				CLANG_WARN_DIRECT_OBJC_ISA_USAGE = YES_ERROR;
				CLANG_WARN_DOCUMENTATION_COMMENTS = YES;
				CLANG_WARN_EMPTY_BODY = YES;
				CLANG_WARN_ENUM_CONVERSION = YES;
				CLANG_WARN_INFINITE_RECURSION = YES;
				CLANG_WARN_INT_CONVERSION = YES;
				CLANG_WARN_NON_LITERAL_NULL_CONVERSION = YES;
				CLANG_WARN_OBJC_IMPLICIT_RETAIN_SELF = YES;
				CLANG_WARN_OBJC_LITERAL_CONVERSION = YES;
				CLANG_WARN_OBJC_ROOT_CLASS = YES_ERROR;
				CLANG_WARN_QUOTED_INCLUDE_IN_FRAMEWORK_HEADER = YES;
				CLANG_WARN_RANGE_LOOP_ANALYSIS = YES;
				CLANG_WARN_STRICT_PROTOTYPES = YES;
				CLANG_WARN_SUSPICIOUS_MOVE = YES;
				CLANG_WARN_UNGUARDED_AVAILABILITY = YES_AGGRESSIVE;
				CLANG_WARN_UNREACHABLE_CODE = YES;
				CLANG_WARN__DUPLICATE_METHOD_MATCH = YES;
				COPY_PHASE_STRIP = NO;
				DEBUG_INFORMATION_FORMAT = dwarf;
				ENABLE_STRICT_OBJC_MSGSEND = YES;
				ENABLE_TESTABILITY = YES;
				GCC_C_LANGUAGE_STANDARD = gnu11;
				GCC_DYNAMIC_NO_PIC = NO;
				GCC_NO_COMMON_BLOCKS = YES;
				GCC_OPTIMIZATION_LEVEL = 0;
				GCC_PREPROCESSOR_DEFINITIONS = (
					"DEBUG=1",
					"$(inherited)",
				);
				GCC_WARN_64_TO_32_BIT_CONVERSION = YES;
				GCC_WARN_ABOUT_RETURN_TYPE = YES_ERROR;
				GCC_WARN_UNDECLARED_SELECTOR = YES;
				GCC_WARN_UNINITIALIZED_AUTOS = YES_AGGRESSIVE;
				GCC_WARN_UNUSED_FUNCTION = YES;
				GCC_WARN_UNUSED_VARIABLE = YES;
				IPHONEOS_DEPLOYMENT_TARGET = 14.5;
				MTL_ENABLE_DEBUG_INFO = INCLUDE_SOURCE;
				MTL_FAST_MATH = YES;
				ONLY_ACTIVE_ARCH = YES;
				SDKROOT = iphoneos;
				SWIFT_ACTIVE_COMPILATION_CONDITIONS = DEBUG;
				SWIFT_OPTIMIZATION_LEVEL = "-Onone";
			};
			name = Debug;
		};
		97961BA5246CA29C007F7BE6 /* Release */ = {
			isa = XCBuildConfiguration;
			buildSettings = {
				ALWAYS_SEARCH_USER_PATHS = NO;
				CLANG_ANALYZER_NONNULL = YES;
				CLANG_ANALYZER_NUMBER_OBJECT_CONVERSION = YES_AGGRESSIVE;
				CLANG_CXX_LANGUAGE_STANDARD = "gnu++14";
				CLANG_CXX_LIBRARY = "libc++";
				CLANG_ENABLE_MODULES = YES;
				CLANG_ENABLE_OBJC_ARC = YES;
				CLANG_ENABLE_OBJC_WEAK = YES;
				CLANG_WARN_BLOCK_CAPTURE_AUTORELEASING = YES;
				CLANG_WARN_BOOL_CONVERSION = YES;
				CLANG_WARN_COMMA = YES;
				CLANG_WARN_CONSTANT_CONVERSION = YES;
				CLANG_WARN_DEPRECATED_OBJC_IMPLEMENTATIONS = YES;
				CLANG_WARN_DIRECT_OBJC_ISA_USAGE = YES_ERROR;
				CLANG_WARN_DOCUMENTATION_COMMENTS = YES;
				CLANG_WARN_EMPTY_BODY = YES;
				CLANG_WARN_ENUM_CONVERSION = YES;
				CLANG_WARN_INFINITE_RECURSION = YES;
				CLANG_WARN_INT_CONVERSION = YES;
				CLANG_WARN_NON_LITERAL_NULL_CONVERSION = YES;
				CLANG_WARN_OBJC_IMPLICIT_RETAIN_SELF = YES;
				CLANG_WARN_OBJC_LITERAL_CONVERSION = YES;
				CLANG_WARN_OBJC_ROOT_CLASS = YES_ERROR;
				CLANG_WARN_QUOTED_INCLUDE_IN_FRAMEWORK_HEADER = YES;
				CLANG_WARN_RANGE_LOOP_ANALYSIS = YES;
				CLANG_WARN_STRICT_PROTOTYPES = YES;
				CLANG_WARN_SUSPICIOUS_MOVE = YES;
				CLANG_WARN_UNGUARDED_AVAILABILITY = YES_AGGRESSIVE;
				CLANG_WARN_UNREACHABLE_CODE = YES;
				CLANG_WARN__DUPLICATE_METHOD_MATCH = YES;
				COPY_PHASE_STRIP = NO;
				DEBUG_INFORMATION_FORMAT = "dwarf-with-dsym";
				ENABLE_NS_ASSERTIONS = NO;
				ENABLE_STRICT_OBJC_MSGSEND = YES;
				GCC_C_LANGUAGE_STANDARD = gnu11;
				GCC_NO_COMMON_BLOCKS = YES;
				GCC_WARN_64_TO_32_BIT_CONVERSION = YES;
				GCC_WARN_ABOUT_RETURN_TYPE = YES_ERROR;
				GCC_WARN_UNDECLARED_SELECTOR = YES;
				GCC_WARN_UNINITIALIZED_AUTOS = YES_AGGRESSIVE;
				GCC_WARN_UNUSED_FUNCTION = YES;
				GCC_WARN_UNUSED_VARIABLE = YES;
				IPHONEOS_DEPLOYMENT_TARGET = 14.5;
				MTL_ENABLE_DEBUG_INFO = NO;
				MTL_FAST_MATH = YES;
				SDKROOT = iphoneos;
				SWIFT_COMPILATION_MODE = wholemodule;
				SWIFT_OPTIMIZATION_LEVEL = "-O";
				VALIDATE_PRODUCT = YES;
			};
			name = Release;
		};
		97961BA7246CA29C007F7BE6 /* Debug */ = {
			isa = XCBuildConfiguration;
			buildSettings = {
				ALWAYS_EMBED_SWIFT_STANDARD_LIBRARIES = YES;
				ASSETCATALOG_COMPILER_APPICON_NAME = AppIcon;
				CODE_SIGN_ENTITLEMENTS = "RagdollRun/Ragdoll Run.entitlements";
				CODE_SIGN_STYLE = Automatic;
				CURRENT_PROJECT_VERSION = 1.1.9;
				DEVELOPMENT_TEAM = 4BBGK69C2R;
				FRAMEWORK_SEARCH_PATHS = (
					"$(inherited)",
					"$(PROJECT_DIR)",
				);
				INFOPLIST_FILE = "$(SRCROOT)/RagdollRun/Info.plist";
				IPHONEOS_DEPLOYMENT_TARGET = 12.0;
				LD_RUNPATH_SEARCH_PATHS = (
					"$(inherited)",
					"@executable_path/Frameworks",
				);
				MARKETING_VERSION = 1.1.4;
				OTHER_LDFLAGS = "-ObjC";
				PRODUCT_BUNDLE_IDENTIFIER = com.jleiken.RagdollRun;
				PRODUCT_NAME = "Ragdoll Run";
				SUPPORTS_MACCATALYST = NO;
				SWIFT_VERSION = 5.0;
				TARGETED_DEVICE_FAMILY = "1,2";
			};
			name = Debug;
		};
		97961BA8246CA29C007F7BE6 /* Release */ = {
			isa = XCBuildConfiguration;
			buildSettings = {
				ALWAYS_EMBED_SWIFT_STANDARD_LIBRARIES = YES;
				ASSETCATALOG_COMPILER_APPICON_NAME = AppIcon;
				CODE_SIGN_ENTITLEMENTS = "RagdollRun/Ragdoll Run.entitlements";
				CODE_SIGN_STYLE = Automatic;
				CURRENT_PROJECT_VERSION = 1.1.9;
				DEVELOPMENT_TEAM = 4BBGK69C2R;
				FRAMEWORK_SEARCH_PATHS = (
					"$(inherited)",
					"$(PROJECT_DIR)",
				);
				INFOPLIST_FILE = "$(SRCROOT)/RagdollRun/Info.plist";
				IPHONEOS_DEPLOYMENT_TARGET = 12.0;
				LD_RUNPATH_SEARCH_PATHS = (
					"$(inherited)",
					"@executable_path/Frameworks",
				);
				MARKETING_VERSION = 1.1.4;
				OTHER_LDFLAGS = "-ObjC";
				PRODUCT_BUNDLE_IDENTIFIER = com.jleiken.RagdollRun;
				PRODUCT_NAME = "Ragdoll Run";
				SUPPORTS_MACCATALYST = NO;
				SWIFT_VERSION = 5.0;
				TARGETED_DEVICE_FAMILY = "1,2";
			};
			name = Release;
		};
		97961BAA246CA29C007F7BE6 /* Debug */ = {
			isa = XCBuildConfiguration;
			buildSettings = {
				ALWAYS_EMBED_SWIFT_STANDARD_LIBRARIES = YES;
				BUNDLE_LOADER = "$(TEST_HOST)";
				CODE_SIGN_STYLE = Automatic;
				DEVELOPMENT_TEAM = 4BBGK69C2R;
				INFOPLIST_FILE = RagdollRunTests/Info.plist;
				IPHONEOS_DEPLOYMENT_TARGET = 13.4;
				LD_RUNPATH_SEARCH_PATHS = (
					"$(inherited)",
					"@executable_path/Frameworks",
					"@loader_path/Frameworks",
				);
				PRODUCT_BUNDLE_IDENTIFIER = com.jleiken.RagdollRunTests;
				PRODUCT_NAME = "$(TARGET_NAME)";
				SWIFT_VERSION = 5.0;
				TARGETED_DEVICE_FAMILY = "1,2";
				TEST_HOST = "$(BUILT_PRODUCTS_DIR)/Ragdoll Run.app/Ragdoll Run";
			};
			name = Debug;
		};
		97961BAB246CA29C007F7BE6 /* Release */ = {
			isa = XCBuildConfiguration;
			buildSettings = {
				ALWAYS_EMBED_SWIFT_STANDARD_LIBRARIES = YES;
				BUNDLE_LOADER = "$(TEST_HOST)";
				CODE_SIGN_STYLE = Automatic;
				DEVELOPMENT_TEAM = 4BBGK69C2R;
				INFOPLIST_FILE = RagdollRunTests/Info.plist;
				IPHONEOS_DEPLOYMENT_TARGET = 13.4;
				LD_RUNPATH_SEARCH_PATHS = (
					"$(inherited)",
					"@executable_path/Frameworks",
					"@loader_path/Frameworks",
				);
				PRODUCT_BUNDLE_IDENTIFIER = com.jleiken.RagdollRunTests;
				PRODUCT_NAME = "$(TARGET_NAME)";
				SWIFT_VERSION = 5.0;
				TARGETED_DEVICE_FAMILY = "1,2";
				TEST_HOST = "$(BUILT_PRODUCTS_DIR)/Ragdoll Run.app/Ragdoll Run";
			};
			name = Release;
		};
		97961BAD246CA29C007F7BE6 /* Debug */ = {
			isa = XCBuildConfiguration;
			buildSettings = {
				ALWAYS_EMBED_SWIFT_STANDARD_LIBRARIES = YES;
				CODE_SIGN_STYLE = Automatic;
				DEVELOPMENT_TEAM = 4BBGK69C2R;
				INFOPLIST_FILE = RagdollRunUITests/Info.plist;
				LD_RUNPATH_SEARCH_PATHS = (
					"$(inherited)",
					"@executable_path/Frameworks",
					"@loader_path/Frameworks",
				);
				PRODUCT_BUNDLE_IDENTIFIER = com.jleiken.RagdollRunUITests;
				PRODUCT_NAME = "$(TARGET_NAME)";
				SWIFT_VERSION = 5.0;
				TARGETED_DEVICE_FAMILY = "1,2";
				TEST_TARGET_NAME = RegularMaria;
			};
			name = Debug;
		};
		97961BAE246CA29C007F7BE6 /* Release */ = {
			isa = XCBuildConfiguration;
			buildSettings = {
				ALWAYS_EMBED_SWIFT_STANDARD_LIBRARIES = YES;
				CODE_SIGN_STYLE = Automatic;
				DEVELOPMENT_TEAM = 4BBGK69C2R;
				INFOPLIST_FILE = RagdollRunUITests/Info.plist;
				LD_RUNPATH_SEARCH_PATHS = (
					"$(inherited)",
					"@executable_path/Frameworks",
					"@loader_path/Frameworks",
				);
				PRODUCT_BUNDLE_IDENTIFIER = com.jleiken.RagdollRunUITests;
				PRODUCT_NAME = "$(TARGET_NAME)";
				SWIFT_VERSION = 5.0;
				TARGETED_DEVICE_FAMILY = "1,2";
				TEST_TARGET_NAME = RegularMaria;
			};
			name = Release;
		};
/* End XCBuildConfiguration section */

/* Begin XCConfigurationList section */
		97692F872489A06500F86E4D /* Build configuration list for PBXNativeTarget "Ragdoll Run" */ = {
			isa = XCConfigurationList;
			buildConfigurations = (
				97692F882489A06500F86E4D /* Debug */,
				97692F892489A06500F86E4D /* Release */,
			);
			defaultConfigurationIsVisible = 0;
			defaultConfigurationName = Release;
		};
		97961B73246CA29A007F7BE6 /* Build configuration list for PBXProject "RagdollRun" */ = {
			isa = XCConfigurationList;
			buildConfigurations = (
				97961BA4246CA29C007F7BE6 /* Debug */,
				97961BA5246CA29C007F7BE6 /* Release */,
			);
			defaultConfigurationIsVisible = 0;
			defaultConfigurationName = Release;
		};
		97961BA6246CA29C007F7BE6 /* Build configuration list for PBXNativeTarget "RagdollRun" */ = {
			isa = XCConfigurationList;
			buildConfigurations = (
				97961BA7246CA29C007F7BE6 /* Debug */,
				97961BA8246CA29C007F7BE6 /* Release */,
			);
			defaultConfigurationIsVisible = 0;
			defaultConfigurationName = Release;
		};
		97961BA9246CA29C007F7BE6 /* Build configuration list for PBXNativeTarget "RagdollRunTests" */ = {
			isa = XCConfigurationList;
			buildConfigurations = (
				97961BAA246CA29C007F7BE6 /* Debug */,
				97961BAB246CA29C007F7BE6 /* Release */,
			);
			defaultConfigurationIsVisible = 0;
			defaultConfigurationName = Release;
		};
		97961BAC246CA29C007F7BE6 /* Build configuration list for PBXNativeTarget "RagdollRunUITests" */ = {
			isa = XCConfigurationList;
			buildConfigurations = (
				97961BAD246CA29C007F7BE6 /* Debug */,
				97961BAE246CA29C007F7BE6 /* Release */,
			);
			defaultConfigurationIsVisible = 0;
			defaultConfigurationName = Release;
		};
/* End XCConfigurationList section */
	};
	rootObject = 97961B70246CA29A007F7BE6 /* Project object */;
}
